# This file was autogenerated by uv via the following command:
#    uv pip compile requirements-cpu.txt --python-version 3.13 --python-platform windows -o requirements-cpu.lock
altgraph==0.17.5
    # via pyinstaller
anyio==4.14.2
    # via httpx
av==18.0.0
    # via faster-whisper
certifi==2026.6.17
    # via
    #   httpcore
    #   httpx
cffi==2.1.0
    # via sounddevice
click==8.4.2
    # via huggingface-hub
colorama==0.4.6
    # via
    #   click
    #   tqdm
comtypes==1.4.16
    # via
    #   -r requirements-base.txt
    #   uiautomation
contourpy==1.3.3
    # via matplotlib
ctranslate2==4.8.1
    # via faster-whisper
cycler==0.12.1
    # via matplotlib
faster-whisper==1.2.1
    # via -r requirements-base.txt
filelock==3.30.0
    # via
    #   huggingface-hub
    #   torch
flatbuffers==25.12.19
    # via onnxruntime
fonttools==4.63.0
    # via matplotlib
fsspec==2026.6.0
    # via
    #   huggingface-hub
    #   torch
h11==0.16.0
    # via httpcore
hf-xet==1.5.1
    # via huggingface-hub
httpcore==1.0.9
    # via httpx
httpx==0.28.1
    # via huggingface-hub
huggingface-hub==1.23.0
    # via
    #   faster-whisper
    #   tokenizers
idna==3.18
    # via
    #   anyio
    #   httpx
jinja2==3.1.6
    # via torch
joblib==1.5.3
    # via noisereduce
kiwisolver==1.5.0
    # via matplotlib
markupsafe==3.0.3
    # via jinja2
matplotlib==3.11.0
    # via noisereduce
mpmath==1.3.0
    # via sympy
networkx==3.6.1
    # via torch
noisereduce==3.0.3
    # via -r requirements-base.txt
numpy==2.5.1
    # via
    #   -r requirements-base.txt
    #   contourpy
    #   ctranslate2
    #   matplotlib
    #   noisereduce
    #   onnxruntime
    #   scipy
onnxruntime==1.27.0
    # via
    #   faster-whisper
    #   silero-vad
packaging==26.2
    # via
    #   huggingface-hub
    #   matplotlib
    #   onnxruntime
    #   pyinstaller
    #   pyinstaller-hooks-contrib
pefile==2024.8.26
    # via pyinstaller
pillow==12.3.0
    # via
    #   -r requirements-base.txt
    #   matplotlib
    #   pystray
protobuf==7.35.1
    # via onnxruntime
pycparser==3.0
    # via cffi
pyinstaller==6.21.0
    # via -r requirements-base.txt
pyinstaller-hooks-contrib==2026.6
    # via pyinstaller
pyparsing==3.3.2
    # via matplotlib
pystray==0.19.5
    # via -r requirements-base.txt
python-dateutil==2.9.0.post0
    # via matplotlib
pywin32-ctypes==0.2.3
    # via pyinstaller
pyyaml==6.0.3
    # via
    #   -r requirements-base.txt
    #   ctranslate2
    #   huggingface-hub
scipy==1.18.0
    # via
    #   -r requirements-base.txt
    #   noisereduce
setuptools==83.0.0
    # via
    #   ctranslate2
    #   pyinstaller
    #   torch
silero-vad==5.1.2
    # via -r requirements-base.txt
six==1.17.0
    # via
    #   pystray
    #   python-dateutil
sounddevice==0.5.5
    # via -r requirements-base.txt
sympy==1.14.0
    # via torch
tokenizers==0.23.1
    # via
    #   -r requirements-base.txt
    #   faster-whisper
torch==2.13.0
    # via
    #   -r requirements-base.txt
    #   silero-vad
torchaudio==2.11.0
    # via silero-vad
tqdm==4.68.4
    # via
    #   faster-whisper
    #   huggingface-hub
    #   noisereduce
typing-extensions==4.16.0
    # via
    #   huggingface-hub
    #   torch
uiautomation==2.0.29
    # via -r requirements-base.txt
